
Microsoft Visual Studio Solution File, Format Version 12.00
# Visual Studio Version 16
VisualStudioVersion = 16.0.31624.102
MinimumVisualStudioVersion = 10.0.40219.1
Project("{FAE04EC0-301F-11D3-BF4B-00C04F79EFBC}") = "Task1", "Task1\Task1.csproj", "{7698F91E-ADB5-4D05-BD6D-B960A262E0A6}"
EndProject
Global
	GlobalSection(SolutionConfigurationPlatforms) = preSolution
		Debug|Any CPU = Debug|Any CPU
		Release|Any CPU = Release|Any CPU
	EndGlobalSection
	GlobalSection(ProjectConfigurationPlatforms) = postSolution
		{7698F91E-ADB5-4D05-BD6D-B960A262E0A6}.Debug|Any CPU.ActiveCfg = Debug|Any CPU
		{7698F91E-ADB5-4D05-BD6D-B960A262E0A6}.Debug|Any CPU.Build.0 = Debug|Any CPU
		{7698F91E-ADB5-4D05-BD6D-B960A262E0A6}.Release|Any CPU.ActiveCfg = Release|Any CPU
		{7698F91E-ADB5-4D05-BD6D-B960A262E0A6}.Release|Any CPU.Build.0 = Release|Any CPU
	EndGlobalSection
	GlobalSection(SolutionProperties) = preSolution
		HideSolutionNode = FALSE
	EndGlobalSection
	GlobalSection(ExtensibilityGlobals) = postSolution
		SolutionGuid = {1D19C99E-B39D-4F6D-9406-C0C955D207F4}
	EndGlobalSection
EndGlobal
