
Microsoft Visual Studio Solution File, Format Version 12.00
# Visual Studio Version 17
VisualStudioVersion = 17.1.32421.90
MinimumVisualStudioVersion = 10.0.40219.1
Project("{FAE04EC0-301F-11D3-BF4B-00C04F79EFBC}") = "UniversityAdmissionCommittee", "UniversityAdmissionCommittee\UniversityAdmissionCommittee.csproj", "{840F4D67-F24F-46FA-99FE-0EC649484A8C}"
EndProject
Global
	GlobalSection(SolutionConfigurationPlatforms) = preSolution
		Debug|Any CPU = Debug|Any CPU
		Release|Any CPU = Release|Any CPU
	EndGlobalSection
	GlobalSection(ProjectConfigurationPlatforms) = postSolution
		{840F4D67-F24F-46FA-99FE-0EC649484A8C}.Debug|Any CPU.ActiveCfg = Debug|Any CPU
		{840F4D67-F24F-46FA-99FE-0EC649484A8C}.Debug|Any CPU.Build.0 = Debug|Any CPU
		{840F4D67-F24F-46FA-99FE-0EC649484A8C}.Release|Any CPU.ActiveCfg = Release|Any CPU
		{840F4D67-F24F-46FA-99FE-0EC649484A8C}.Release|Any CPU.Build.0 = Release|Any CPU
	EndGlobalSection
	GlobalSection(SolutionProperties) = preSolution
		HideSolutionNode = FALSE
	EndGlobalSection
	GlobalSection(ExtensibilityGlobals) = postSolution
		SolutionGuid = {7A9C7BE3-D7C2-4151-9B40-ACCC853681B2}
	EndGlobalSection
EndGlobal
