
Microsoft Visual Studio Solution File, Format Version 12.00
# Visual Studio Version 17
VisualStudioVersion = 17.1.32421.90
MinimumVisualStudioVersion = 10.0.40219.1
Project("{FAE04EC0-301F-11D3-BF4B-00C04F79EFBC}") = "Lab4", "WpfApp2\Lab4.csproj", "{2C2CC9AE-0F3E-48FA-9D27-333F4CD79860}"
EndProject
Global
	GlobalSection(SolutionConfigurationPlatforms) = preSolution
		Debug|Any CPU = Debug|Any CPU
		Release|Any CPU = Release|Any CPU
	EndGlobalSection
	GlobalSection(ProjectConfigurationPlatforms) = postSolution
		{2C2CC9AE-0F3E-48FA-9D27-333F4CD79860}.Debug|Any CPU.ActiveCfg = Debug|Any CPU
		{2C2CC9AE-0F3E-48FA-9D27-333F4CD79860}.Debug|Any CPU.Build.0 = Debug|Any CPU
		{2C2CC9AE-0F3E-48FA-9D27-333F4CD79860}.Release|Any CPU.ActiveCfg = Release|Any CPU
		{2C2CC9AE-0F3E-48FA-9D27-333F4CD79860}.Release|Any CPU.Build.0 = Release|Any CPU
	EndGlobalSection
	GlobalSection(SolutionProperties) = preSolution
		HideSolutionNode = FALSE
	EndGlobalSection
	GlobalSection(ExtensibilityGlobals) = postSolution
		SolutionGuid = {45BADC1B-D921-42AB-AB5E-4A0B23461112}
	EndGlobalSection
EndGlobal
