
Microsoft Visual Studio Solution File, Format Version 12.00
# Visual Studio Version 16
VisualStudioVersion = 16.0.31624.102
MinimumVisualStudioVersion = 10.0.40219.1
Project("{FAE04EC0-301F-11D3-BF4B-00C04F79EFBC}") = "Lab2", "Lab2\Lab2.csproj", "{7E4A7CCB-BACA-40B6-9139-4612ED3AD0B2}"
EndProject
Global
	GlobalSection(SolutionConfigurationPlatforms) = preSolution
		Debug|Any CPU = Debug|Any CPU
		Release|Any CPU = Release|Any CPU
	EndGlobalSection
	GlobalSection(ProjectConfigurationPlatforms) = postSolution
		{7E4A7CCB-BACA-40B6-9139-4612ED3AD0B2}.Debug|Any CPU.ActiveCfg = Debug|Any CPU
		{7E4A7CCB-BACA-40B6-9139-4612ED3AD0B2}.Debug|Any CPU.Build.0 = Debug|Any CPU
		{7E4A7CCB-BACA-40B6-9139-4612ED3AD0B2}.Release|Any CPU.ActiveCfg = Release|Any CPU
		{7E4A7CCB-BACA-40B6-9139-4612ED3AD0B2}.Release|Any CPU.Build.0 = Release|Any CPU
	EndGlobalSection
	GlobalSection(SolutionProperties) = preSolution
		HideSolutionNode = FALSE
	EndGlobalSection
	GlobalSection(ExtensibilityGlobals) = postSolution
		SolutionGuid = {8B3F5DA7-210A-4D69-A327-9239625AC767}
	EndGlobalSection
EndGlobal
